# THIS IS AN AUTOGENERATED FILE. DO NOT EDIT THIS FILE DIRECTLY.
# yarn lockfile v1


"@types/d3-array@*":
  version "3.0.1"
  resolved "https://registry.nlark.com/@types/d3-array/download/@types/d3-array-3.0.1.tgz#0ff28ee7052a2e504cb951d17df7437c33d442d6"
  integrity sha1-D/KO5wUqLlBMuVHRffdDfDPUQtY=

"@types/d3-axis@*":
  version "3.0.1"
  resolved "https://registry.nlark.com/@types/d3-axis/download/@types/d3-axis-3.0.1.tgz#6afc20744fa5cc0cbc3e2bd367b140a79ed3e7a8"
  integrity sha1-avwgdE+lzAy8PivTZ7FAp57T56g=
  dependencies:
    "@types/d3-selection" "*"

"@types/d3-brush@*":
  version "3.0.1"
  resolved "https://registry.nlark.com/@types/d3-brush/download/@types/d3-brush-3.0.1.tgz#ae5f17ce391935ca88b29000e60ee20452c6357c"
  integrity sha1-rl8XzjkZNcqIspAA5g7iBFLGNXw=
  dependencies:
    "@types/d3-selection" "*"

"@types/d3-chord@*":
  version "3.0.1"
  resolved "https://registry.nlark.com/@types/d3-chord/download/@types/d3-chord-3.0.1.tgz#54c8856c19c8e4ab36a53f73ba737de4768ad248"
  integrity sha1-VMiFbBnI5Ks2pT9zunN95HaK0kg=

"@types/d3-color@*":
  version "3.0.2"
  resolved "https://registry.nlark.com/@types/d3-color/download/@types/d3-color-3.0.2.tgz#53f2d6325f66ee79afd707c05ac849e8ae0edbb0"
  integrity sha1-U/LWMl9m7nmv1wfAWshJ6K4O27A=

"@types/d3-contour@*":
  version "3.0.1"
  resolved "https://registry.nlark.com/@types/d3-contour/download/@types/d3-contour-3.0.1.tgz?cache=0&sync_timestamp=1625151959785&other_urls=https%3A%2F%2Fregistry.nlark.com%2F%40types%2Fd3-contour%2Fdownload%2F%40types%2Fd3-contour-3.0.1.tgz#9ff4e2fd2a3910de9c5097270a7da8a6ef240017"
  integrity sha1-n/Ti/So5EN6cUJcnCn2opu8kABc=
  dependencies:
    "@types/d3-array" "*"
    "@types/geojson" "*"

"@types/d3-delaunay@*":
  version "6.0.0"
  resolved "https://registry.nlark.com/@types/d3-delaunay/download/@types/d3-delaunay-6.0.0.tgz#c09953ac7e5460997f693d2d7bf3522e0d4a88e6"
  integrity sha1-wJlTrH5UYJl/aT0te/NSLg1KiOY=

"@types/d3-dispatch@*":
  version "3.0.1"
  resolved "https://registry.nlark.com/@types/d3-dispatch/download/@types/d3-dispatch-3.0.1.tgz#a1b18ae5fa055a6734cb3bd3cbc6260ef19676e3"
  integrity sha1-obGK5foFWmc0yzvTy8YmDvGWduM=

"@types/d3-drag@*":
  version "3.0.1"
  resolved "https://registry.nlark.com/@types/d3-drag/download/@types/d3-drag-3.0.1.tgz#fb1e3d5cceeee4d913caa59dedf55c94cb66e80f"
  integrity sha1-+x49XM7u5NkTyqWd7fVclMtm6A8=
  dependencies:
    "@types/d3-selection" "*"

"@types/d3-dsv@*":
  version "3.0.0"
  resolved "https://registry.nlark.com/@types/d3-dsv/download/@types/d3-dsv-3.0.0.tgz#f3c61fb117bd493ec0e814856feb804a14cfc311"
  integrity sha1-88YfsRe9ST7A6BSFb+uAShTPwxE=

"@types/d3-ease@*":
  version "3.0.0"
  resolved "https://registry.nlark.com/@types/d3-ease/download/@types/d3-ease-3.0.0.tgz#c29926f8b596f9dadaeca062a32a45365681eae0"
  integrity sha1-wpkm+LWW+dra7KBioypFNlaB6uA=

"@types/d3-fetch@*":
  version "3.0.1"
  resolved "https://registry.nlark.com/@types/d3-fetch/download/@types/d3-fetch-3.0.1.tgz#f9fa88b81aa2eea5814f11aec82ecfddbd0b8fe0"
  integrity sha1-+fqIuBqi7qWBTxGuyC7P3b0Lj+A=
  dependencies:
    "@types/d3-dsv" "*"

"@types/d3-force@*":
  version "3.0.3"
  resolved "https://registry.nlark.com/@types/d3-force/download/@types/d3-force-3.0.3.tgz?cache=0&sync_timestamp=1626176661323&other_urls=https%3A%2F%2Fregistry.nlark.com%2F%40types%2Fd3-force%2Fdownload%2F%40types%2Fd3-force-3.0.3.tgz#76cb20d04ae798afede1ea6e41750763ff5a9c82"
  integrity sha1-dssg0ErnmK/t4epuQXUHY/9anII=

"@types/d3-format@*":
  version "3.0.1"
  resolved "https://registry.nlark.com/@types/d3-format/download/@types/d3-format-3.0.1.tgz?cache=0&sync_timestamp=1625606906228&other_urls=https%3A%2F%2Fregistry.nlark.com%2F%40types%2Fd3-format%2Fdownload%2F%40types%2Fd3-format-3.0.1.tgz#194f1317a499edd7e58766f96735bdc0216bb89d"
  integrity sha1-GU8TF6SZ7dflh2b5ZzW9wCFruJ0=

"@types/d3-geo@*":
  version "3.0.2"
  resolved "https://registry.nlark.com/@types/d3-geo/download/@types/d3-geo-3.0.2.tgz#e7ec5f484c159b2c404c42d260e6d99d99f45d9a"
  integrity sha1-5+xfSEwVmyxATELSYObZnZn0XZo=
  dependencies:
    "@types/geojson" "*"

"@types/d3-hierarchy@*":
  version "3.0.2"
  resolved "https://registry.nlark.com/@types/d3-hierarchy/download/@types/d3-hierarchy-3.0.2.tgz#ca63f2f4da15b8f129c5b7dffd71d904cba6aca2"
  integrity sha1-ymPy9NoVuPEpxbff/XHZBMumrKI=

"@types/d3-interpolate@*":
  version "3.0.1"
  resolved "https://registry.nlark.com/@types/d3-interpolate/download/@types/d3-interpolate-3.0.1.tgz#e7d17fa4a5830ad56fe22ce3b4fac8541a9572dc"
  integrity sha1-59F/pKWDCtVv4izjtPrIVBqVctw=
  dependencies:
    "@types/d3-color" "*"

"@types/d3-path@*":
  version "3.0.0"
  resolved "https://registry.nlark.com/@types/d3-path/download/@types/d3-path-3.0.0.tgz#939e3a784ae4f80b1fde8098b91af1776ff1312b"
  integrity sha1-k546eErk+Asf3oCYuRrxd2/xMSs=

"@types/d3-polygon@*":
  version "3.0.0"
  resolved "https://registry.nlark.com/@types/d3-polygon/download/@types/d3-polygon-3.0.0.tgz#5200a3fa793d7736fa104285fa19b0dbc2424b93"
  integrity sha1-UgCj+nk9dzb6EEKF+hmw28JCS5M=

"@types/d3-quadtree@*":
  version "3.0.2"
  resolved "https://registry.nlark.com/@types/d3-quadtree/download/@types/d3-quadtree-3.0.2.tgz#433112a178eb7df123aab2ce11c67f51cafe8ff5"
  integrity sha1-QzESoXjrffEjqrLOEcZ/Ucr+j/U=

"@types/d3-random@*":
  version "3.0.1"
  resolved "https://registry.nlark.com/@types/d3-random/download/@types/d3-random-3.0.1.tgz?cache=0&sync_timestamp=1625129253568&other_urls=https%3A%2F%2Fregistry.nlark.com%2F%40types%2Fd3-random%2Fdownload%2F%40types%2Fd3-random-3.0.1.tgz#5c8d42b36cd4c80b92e5626a252f994ca6bfc953"
  integrity sha1-XI1Cs2zUyAuS5WJqJS+ZTKa/yVM=

"@types/d3-scale-chromatic@*":
  version "3.0.0"
  resolved "https://registry.nlark.com/@types/d3-scale-chromatic/download/@types/d3-scale-chromatic-3.0.0.tgz#103124777e8cdec85b20b51fd3397c682ee1e954"
  integrity sha1-EDEkd36M3shbILUf0zl8aC7h6VQ=

"@types/d3-scale@*":
  version "4.0.1"
  resolved "https://registry.nlark.com/@types/d3-scale/download/@types/d3-scale-4.0.1.tgz#fbe8238e2eff27af577d2b7d0b933ae50a546970"
  integrity sha1-++gjji7/J69XfSt9C5M65QpUaXA=
  dependencies:
    "@types/d3-time" "*"

"@types/d3-selection@*":
  version "3.0.1"
  resolved "https://registry.nlark.com/@types/d3-selection/download/@types/d3-selection-3.0.1.tgz#e57b01ab69b18b380f68db97b76ceefe62f17191"
  integrity sha1-5XsBq2mxizgPaNuXt2zu/mLxcZE=

"@types/d3-shape@*":
  version "3.0.2"
  resolved "https://registry.nlark.com/@types/d3-shape/download/@types/d3-shape-3.0.2.tgz?cache=0&sync_timestamp=1626456418770&other_urls=https%3A%2F%2Fregistry.nlark.com%2F%40types%2Fd3-shape%2Fdownload%2F%40types%2Fd3-shape-3.0.2.tgz#4b1ca4ddaac294e76b712429726d40365cd1e8ca"
  integrity sha1-Sxyk3arClOdrcSQpcm1ANlzR6Mo=
  dependencies:
    "@types/d3-path" "*"

"@types/d3-time-format@*":
  version "4.0.0"
  resolved "https://registry.nlark.com/@types/d3-time-format/download/@types/d3-time-format-4.0.0.tgz#ee7b6e798f8deb2d9640675f8811d0253aaa1946"
  integrity sha1-7ntueY+N6y2WQGdfiBHQJTqqGUY=

"@types/d3-time@*":
  version "3.0.0"
  resolved "https://registry.nlark.com/@types/d3-time/download/@types/d3-time-3.0.0.tgz#e1ac0f3e9e195135361fa1a1d62f795d87e6e819"
  integrity sha1-4awPPp4ZUTU2H6Gh1i95XYfm6Bk=

"@types/d3-timer@*":
  version "3.0.0"
  resolved "https://registry.nlark.com/@types/d3-timer/download/@types/d3-timer-3.0.0.tgz#e2505f1c21ec08bda8915238e397fb71d2fc54ce"
  integrity sha1-4lBfHCHsCL2okVI445f7cdL8VM4=

"@types/d3-transition@*":
  version "3.0.1"
  resolved "https://registry.nlark.com/@types/d3-transition/download/@types/d3-transition-3.0.1.tgz#c9a96125567173d6163a6985b874f79154f4cc3d"
  integrity sha1-yalhJVZxc9YWOmmFuHT3kVT0zD0=
  dependencies:
    "@types/d3-selection" "*"

"@types/d3-zoom@*":
  version "3.0.1"
  resolved "https://registry.nlark.com/@types/d3-zoom/download/@types/d3-zoom-3.0.1.tgz#4bfc7e29625c4f79df38e2c36de52ec3e9faf826"
  integrity sha1-S/x+KWJcT3nfOOLDbeUuw+n6+CY=
  dependencies:
    "@types/d3-interpolate" "*"
    "@types/d3-selection" "*"

"@types/d3@^7.0.0":
  version "7.0.0"
  resolved "https://registry.nlark.com/@types/d3/download/@types/d3-7.0.0.tgz#d102ec6ea5741e51a1ff7b8228850db0665ccd27"
  integrity sha1-0QLsbqV0HlGh/3uCKIUNsGZczSc=
  dependencies:
    "@types/d3-array" "*"
    "@types/d3-axis" "*"
    "@types/d3-brush" "*"
    "@types/d3-chord" "*"
    "@types/d3-color" "*"
    "@types/d3-contour" "*"
    "@types/d3-delaunay" "*"
    "@types/d3-dispatch" "*"
    "@types/d3-drag" "*"
    "@types/d3-dsv" "*"
    "@types/d3-ease" "*"
    "@types/d3-fetch" "*"
    "@types/d3-force" "*"
    "@types/d3-format" "*"
    "@types/d3-geo" "*"
    "@types/d3-hierarchy" "*"
    "@types/d3-interpolate" "*"
    "@types/d3-path" "*"
    "@types/d3-polygon" "*"
    "@types/d3-quadtree" "*"
    "@types/d3-random" "*"
    "@types/d3-scale" "*"
    "@types/d3-scale-chromatic" "*"
    "@types/d3-selection" "*"
    "@types/d3-shape" "*"
    "@types/d3-time" "*"
    "@types/d3-time-format" "*"
    "@types/d3-timer" "*"
    "@types/d3-transition" "*"
    "@types/d3-zoom" "*"

"@types/geojson@*":
  version "7946.0.8"
  resolved "https://registry.nlark.com/@types/geojson/download/@types/geojson-7946.0.8.tgz#30744afdb385e2945e22f3b033f897f76b1f12ca"
  integrity sha1-MHRK/bOF4pReIvOwM/iX92sfEso=

commander@7:
  version "7.2.0"
  resolved "https://registry.nlark.com/commander/download/commander-7.2.0.tgz?cache=0&sync_timestamp=1627358203890&other_urls=https%3A%2F%2Fregistry.nlark.com%2Fcommander%2Fdownload%2Fcommander-7.2.0.tgz#a36cb57d0b501ce108e4d20559a150a391d97ab7"
  integrity sha1-o2y1fQtQHOEI5NIFWaFQo5HZerc=

"d3-array@2 - 3", "d3-array@2.10.0 - 3", "d3-array@2.5.0 - 3", d3-array@3:
  version "3.0.2"
  resolved "https://registry.nlark.com/d3-array/download/d3-array-3.0.2.tgz#7a65593784cfc0150eee1aba8d3e69a6fe73be7b"
  integrity sha1-emVZN4TPwBUO7hq6jT5ppv5zvns=
  dependencies:
    internmap "1 - 2"

d3-axis@3:
  version "3.0.0"
  resolved "https://registry.nlark.com/d3-axis/download/d3-axis-3.0.0.tgz#c42a4a13e8131d637b745fc2973824cfeaf93322"
  integrity sha1-xCpKE+gTHWN7dF/Clzgkz+r5MyI=

d3-brush@3:
  version "3.0.0"
  resolved "https://registry.nlark.com/d3-brush/download/d3-brush-3.0.0.tgz?cache=0&sync_timestamp=1623285830127&other_urls=https%3A%2F%2Fregistry.nlark.com%2Fd3-brush%2Fdownload%2Fd3-brush-3.0.0.tgz#6f767c4ed8dcb79de7ede3e1c0f89e63ef64d31c"
  integrity sha1-b3Z8Ttjct53n7ePhwPieY+9k0xw=
  dependencies:
    d3-dispatch "1 - 3"
    d3-drag "2 - 3"
    d3-interpolate "1 - 3"
    d3-selection "3"
    d3-transition "3"

d3-chord@3:
  version "3.0.1"
  resolved "https://registry.nlark.com/d3-chord/download/d3-chord-3.0.1.tgz#d156d61f485fce8327e6abf339cb41d8cbba6966"
  integrity sha1-0VbWH0hfzoMn5qvzOctB2Mu6aWY=
  dependencies:
    d3-path "1 - 3"

"d3-color@1 - 3", d3-color@3:
  version "3.0.1"
  resolved "https://registry.nlark.com/d3-color/download/d3-color-3.0.1.tgz#03316e595955d1fcd39d9f3610ad41bb90194d0a"
  integrity sha1-AzFuWVlV0fzTnZ82EK1Bu5AZTQo=

d3-contour@3:
  version "3.0.1"
  resolved "https://registry.nlark.com/d3-contour/download/d3-contour-3.0.1.tgz#2c64255d43059599cd0dba8fe4cc3d51ccdd9bbd"
  integrity sha1-LGQlXUMFlZnNDbqP5Mw9Uczdm70=
  dependencies:
    d3-array "2 - 3"

d3-delaunay@6:
  version "6.0.2"
  resolved "https://registry.nlark.com/d3-delaunay/download/d3-delaunay-6.0.2.tgz#7fd3717ad0eade2fc9939f4260acfb503f984e92"
  integrity sha1-f9NxetDq3i/Jk59CYKz7UD+YTpI=
  dependencies:
    delaunator "5"

"d3-dispatch@1 - 3", d3-dispatch@3:
  version "3.0.1"
  resolved "https://registry.nlark.com/d3-dispatch/download/d3-dispatch-3.0.1.tgz#5fc75284e9c2375c36c839411a0cf550cbfc4d5e"
  integrity sha1-X8dShOnCN1w2yDlBGgz1UMv8TV4=

"d3-drag@2 - 3", d3-drag@3:
  version "3.0.0"
  resolved "https://registry.nlark.com/d3-drag/download/d3-drag-3.0.0.tgz#994aae9cd23c719f53b5e10e3a0a6108c69607ba"
  integrity sha1-mUqunNI8cZ9TteEOOgphCMaWB7o=
  dependencies:
    d3-dispatch "1 - 3"
    d3-selection "3"

"d3-dsv@1 - 3", d3-dsv@3:
  version "3.0.1"
  resolved "https://registry.nlark.com/d3-dsv/download/d3-dsv-3.0.1.tgz#c63af978f4d6a0d084a52a673922be2160789b73"
  integrity sha1-xjr5ePTWoNCEpSpnOSK+IWB4m3M=
  dependencies:
    commander "7"
    iconv-lite "0.6"
    rw "1"

"d3-ease@1 - 3", d3-ease@3:
  version "3.0.1"
  resolved "https://registry.nlark.com/d3-ease/download/d3-ease-3.0.1.tgz#9658ac38a2140d59d346160f1f6c30fda0bd12f4"
  integrity sha1-llisOKIUDVnTRhYPH2ww/aC9EvQ=

d3-fetch@3:
  version "3.0.1"
  resolved "https://registry.nlark.com/d3-fetch/download/d3-fetch-3.0.1.tgz#83141bff9856a0edb5e38de89cdcfe63d0a60a22"
  integrity sha1-gxQb/5hWoO21443onNz+Y9CmCiI=
  dependencies:
    d3-dsv "1 - 3"

d3-flextree@^2.1.1:
  version "2.1.1"
  resolved "https://registry.nlark.com/d3-flextree/download/d3-flextree-2.1.1.tgz#0e6b8b89b0602b073db2f488b5b8030ce318dde9"
  integrity sha1-DmuLibBgKwc9svSItbgDDOMY3ek=
  dependencies:
    d3-hierarchy "^1.1.5"

d3-force@3:
  version "3.0.0"
  resolved "https://registry.nlark.com/d3-force/download/d3-force-3.0.0.tgz#3e2ba1a61e70888fe3d9194e30d6d14eece155c4"
  integrity sha1-Piuhph5wiI/j2RlOMNbRTuzhVcQ=
  dependencies:
    d3-dispatch "1 - 3"
    d3-quadtree "1 - 3"
    d3-timer "1 - 3"

"d3-format@1 - 3", d3-format@3:
  version "3.0.1"
  resolved "https://registry.nlark.com/d3-format/download/d3-format-3.0.1.tgz#e41b81b2ab79277141ec1404aa5d05001da64084"
  integrity sha1-5BuBsqt5J3FB7BQEql0FAB2mQIQ=

d3-geo@3:
  version "3.0.1"
  resolved "https://registry.nlark.com/d3-geo/download/d3-geo-3.0.1.tgz#4f92362fd8685d93e3b1fae0fd97dc8980b1ed7e"
  integrity sha1-T5I2L9hoXZPjsfrg/ZfciYCx7X4=
  dependencies:
    d3-array "2.5.0 - 3"

d3-hierarchy@3:
  version "3.0.1"
  resolved "https://registry.nlark.com/d3-hierarchy/download/d3-hierarchy-3.0.1.tgz#0365342d54972e38ca05e9143e0ab1c60846b3b5"
  integrity sha1-A2U0LVSXLjjKBekUPgqxxghGs7U=

d3-hierarchy@^1.1.5:
  version "1.1.9"
  resolved "https://registry.nlark.com/d3-hierarchy/download/d3-hierarchy-1.1.9.tgz#2f6bee24caaea43f8dc37545fa01628559647a83"
  integrity sha1-L2vuJMqupD+Nw3VF+gFihVlkeoM=

"d3-interpolate@1 - 3", "d3-interpolate@1.2.0 - 3", d3-interpolate@3:
  version "3.0.1"
  resolved "https://registry.nlark.com/d3-interpolate/download/d3-interpolate-3.0.1.tgz#3c47aa5b32c5b3dfb56ef3fd4342078a632b400d"
  integrity sha1-PEeqWzLFs9+1bvP9Q0IHimMrQA0=
  dependencies:
    d3-color "1 - 3"

"d3-path@1 - 3", d3-path@3:
  version "3.0.1"
  resolved "https://registry.nlark.com/d3-path/download/d3-path-3.0.1.tgz#f09dec0aaffd770b7995f1a399152bf93052321e"
  integrity sha1-8J3sCq/9dwt5lfGjmRUr+TBSMh4=

d3-polygon@3:
  version "3.0.1"
  resolved "https://registry.nlark.com/d3-polygon/download/d3-polygon-3.0.1.tgz#0b45d3dd1c48a29c8e057e6135693ec80bf16398"
  integrity sha1-C0XT3RxIopyOBX5hNWk+yAvxY5g=

"d3-quadtree@1 - 3", d3-quadtree@3:
  version "3.0.1"
  resolved "https://registry.nlark.com/d3-quadtree/download/d3-quadtree-3.0.1.tgz#6dca3e8be2b393c9a9d514dabbd80a92deef1a4f"
  integrity sha1-bco+i+Kzk8mp1RTau9gKkt7vGk8=

d3-random@3:
  version "3.0.1"
  resolved "https://registry.nlark.com/d3-random/download/d3-random-3.0.1.tgz#d4926378d333d9c0bfd1e6fa0194d30aebaa20f4"
  integrity sha1-1JJjeNMz2cC/0eb6AZTTCuuqIPQ=

d3-scale-chromatic@3:
  version "3.0.0"
  resolved "https://registry.nlark.com/d3-scale-chromatic/download/d3-scale-chromatic-3.0.0.tgz#15b4ceb8ca2bb0dcb6d1a641ee03d59c3b62376a"
  integrity sha1-FbTOuMorsNy20aZB7gPVnDtiN2o=
  dependencies:
    d3-color "1 - 3"
    d3-interpolate "1 - 3"

d3-scale@4:
  version "4.0.0"
  resolved "https://registry.nlark.com/d3-scale/download/d3-scale-4.0.0.tgz#294377ea1d7e5a31509ee648b98d7916ac0b34e3"
  integrity sha1-KUN36h1+WjFQnuZIuY15FqwLNOM=
  dependencies:
    d3-array "2.10.0 - 3"
    d3-format "1 - 3"
    d3-interpolate "1.2.0 - 3"
    d3-time "2.1.1 - 3"
    d3-time-format "2 - 4"

"d3-selection@2 - 3", d3-selection@3:
  version "3.0.0"
  resolved "https://registry.nlark.com/d3-selection/download/d3-selection-3.0.0.tgz?cache=0&sync_timestamp=1623088836766&other_urls=https%3A%2F%2Fregistry.nlark.com%2Fd3-selection%2Fdownload%2Fd3-selection-3.0.0.tgz#c25338207efa72cc5b9bd1458a1a41901f1e1b31"
  integrity sha1-wlM4IH76csxbm9FFihpBkB8eGzE=

d3-shape@3:
  version "3.0.1"
  resolved "https://registry.nlark.com/d3-shape/download/d3-shape-3.0.1.tgz#9ccdfb28fd9b0d12f2d8aec234cd5c4a9ea27931"
  integrity sha1-nM37KP2bDRLy2K7CNM1cSp6ieTE=
  dependencies:
    d3-path "1 - 3"

"d3-time-format@2 - 4", d3-time-format@4:
  version "4.0.0"
  resolved "https://registry.nlark.com/d3-time-format/download/d3-time-format-4.0.0.tgz#930ded86a9de761702344760d8a25753467f28b7"
  integrity sha1-kw3thqnedhcCNEdg2KJXU0Z/KLc=
  dependencies:
    d3-time "1 - 3"

"d3-time@1 - 3", "d3-time@2.1.1 - 3", d3-time@3:
  version "3.0.0"
  resolved "https://registry.nlark.com/d3-time/download/d3-time-3.0.0.tgz#65972cb98ae2d4954ef5c932e8704061335d4975"
  integrity sha1-ZZcsuYri1JVO9cky6HBAYTNdSXU=
  dependencies:
    d3-array "2 - 3"

"d3-timer@1 - 3", d3-timer@3:
  version "3.0.1"
  resolved "https://registry.nlark.com/d3-timer/download/d3-timer-3.0.1.tgz#6284d2a2708285b1abb7e201eda4380af35e63b0"
  integrity sha1-YoTSonCChbGrt+IB7aQ4CvNeY7A=

"d3-transition@2 - 3", d3-transition@3:
  version "3.0.1"
  resolved "https://registry.nlark.com/d3-transition/download/d3-transition-3.0.1.tgz#6869fdde1448868077fdd5989200cb61b2a1645f"
  integrity sha1-aGn93hRIhoB3/dWYkgDLYbKhZF8=
  dependencies:
    d3-color "1 - 3"
    d3-dispatch "1 - 3"
    d3-ease "1 - 3"
    d3-interpolate "1 - 3"
    d3-timer "1 - 3"

d3-zoom@3:
  version "3.0.0"
  resolved "https://registry.nlark.com/d3-zoom/download/d3-zoom-3.0.0.tgz?cache=0&sync_timestamp=1623286451294&other_urls=https%3A%2F%2Fregistry.nlark.com%2Fd3-zoom%2Fdownload%2Fd3-zoom-3.0.0.tgz#d13f4165c73217ffeaa54295cd6969b3e7aee8f3"
  integrity sha1-0T9BZccyF//qpUKVzWlps+eu6PM=
  dependencies:
    d3-dispatch "1 - 3"
    d3-drag "2 - 3"
    d3-interpolate "1 - 3"
    d3-selection "2 - 3"
    d3-transition "2 - 3"

d3@^7.0.1:
  version "7.0.1"
  resolved "https://registry.nlark.com/d3/download/d3-7.0.1.tgz#ecd7eb094c398ec71dd61e8628a97ddf1c404d20"
  integrity sha1-7NfrCUw5jscd1h6GKKl93xxATSA=
  dependencies:
    d3-array "3"
    d3-axis "3"
    d3-brush "3"
    d3-chord "3"
    d3-color "3"
    d3-contour "3"
    d3-delaunay "6"
    d3-dispatch "3"
    d3-drag "3"
    d3-dsv "3"
    d3-ease "3"
    d3-fetch "3"
    d3-force "3"
    d3-format "3"
    d3-geo "3"
    d3-hierarchy "3"
    d3-interpolate "3"
    d3-path "3"
    d3-polygon "3"
    d3-quadtree "3"
    d3-random "3"
    d3-scale "4"
    d3-scale-chromatic "3"
    d3-selection "3"
    d3-shape "3"
    d3-time "3"
    d3-time-format "4"
    d3-timer "3"
    d3-transition "3"
    d3-zoom "3"

delaunator@5:
  version "5.0.0"
  resolved "https://registry.nlark.com/delaunator/download/delaunator-5.0.0.tgz#60f052b28bd91c9b4566850ebf7756efe821d81b"
  integrity sha1-YPBSsovZHJtFZoUOv3dW7+gh2Bs=
  dependencies:
    robust-predicates "^3.0.0"

iconv-lite@0.6:
  version "0.6.3"
  resolved "https://registry.nlark.com/iconv-lite/download/iconv-lite-0.6.3.tgz?cache=0&other_urls=https%3A%2F%2Fregistry.nlark.com%2Ficonv-lite%2Fdownload%2Ficonv-lite-0.6.3.tgz#a52f80bf38da1952eb5c681790719871a1a72501"
  integrity sha1-pS+AvzjaGVLrXGgXkHGYcaGnJQE=
  dependencies:
    safer-buffer ">= 2.1.2 < 3.0.0"

"internmap@1 - 2":
  version "2.0.1"
  resolved "https://registry.nlark.com/internmap/download/internmap-2.0.1.tgz#33d0fa016185397549fb1a14ea3dbe5a2949d1cd"
  integrity sha1-M9D6AWGFOXVJ+xoU6j2+WilJ0c0=

robust-predicates@^3.0.0:
  version "3.0.1"
  resolved "https://registry.npm.taobao.org/robust-predicates/download/robust-predicates-3.0.1.tgz?cache=0&sync_timestamp=1617635634579&other_urls=https%3A%2F%2Fregistry.npm.taobao.org%2Frobust-predicates%2Fdownload%2Frobust-predicates-3.0.1.tgz#ecde075044f7f30118682bd9fb3f123109577f9a"
  integrity sha1-7N4HUET38wEYaCvZ+z8SMQlXf5o=

rw@1:
  version "1.3.3"
  resolved "https://registry.npm.taobao.org/rw/download/rw-1.3.3.tgz#3f862dfa91ab766b14885ef4d01124bfda074fb4"
  integrity sha1-P4Yt+pGrdmsUiF700BEkv9oHT7Q=

"safer-buffer@>= 2.1.2 < 3.0.0":
  version "2.1.2"
  resolved "https://registry.nlark.com/safer-buffer/download/safer-buffer-2.1.2.tgz#44fa161b0187b9549dd84bb91802f9bd8385cd6a"
  integrity sha1-RPoWGwGHuVSd2Eu5GAL5vYOFzWo=
